PODS:
  - YoutubePlayer-in-WKWebView (0.2.5)

DEPENDENCIES:
  - YoutubePlayer-in-WKWebView (~> 0.2.0)

SPEC REPOS:
  trunk:
    - YoutubePlayer-in-WKWebView

SPEC CHECKSUMS:
  YoutubePlayer-in-WKWebView: 4dad12b3ece938a6456fa4374df78942f88b485a

PODFILE CHECKSUM: 22d5a9ea97a012555f492d5cc71f76f1cec1534c

COCOAPODS: 1.11.3
