// !$*UTF8*$!
{
	archiveVersion = 1;
	classes = {
	};
	objectVersion = 56;
	objects = {

/* Begin PBXBuildFile section */
		3F259ECA273DCE50C1D741C6 /* Pods_YoutubeVideo.framework in Frameworks */ = {isa = PBXBuildFile; fileRef = 8029E1E0A52D0B82C4C9EFA6 /* Pods_YoutubeVideo.framework */; };
		EDBC2C21297FDD0F00A25095 /* AppDelegate.swift in Sources */ = {isa = PBXBuildFile; fileRef = EDBC2C20297FDD0F00A25095 /* AppDelegate.swift */; };
		EDBC2C23297FDD0F00A25095 /* SceneDelegate.swift in Sources */ = {isa = PBXBuildFile; fileRef = EDBC2C22297FDD0F00A25095 /* SceneDelegate.swift */; };
		EDBC2C25297FDD0F00A25095 /* ViewController.swift in Sources */ = {isa = PBXBuildFile; fileRef = EDBC2C24297FDD0F00A25095 /* ViewController.swift */; };
		EDBC2C28297FDD0F00A25095 /* Main.storyboard in Resources */ = {isa = PBXBuildFile; fileRef = EDBC2C26297FDD0F00A25095 /* Main.storyboard */; };
		EDBC2C2A297FDD1000A25095 /* Assets.xcassets in Resources */ = {isa = PBXBuildFile; fileRef = EDBC2C29297FDD1000A25095 /* Assets.xcassets */; };
		EDBC2C2D297FDD1000A25095 /* LaunchScreen.storyboard in Resources */ = {isa = PBXBuildFile; fileRef = EDBC2C2B297FDD1000A25095 /* LaunchScreen.storyboard */; };
/* End PBXBuildFile section */

/* Begin PBXFileReference section */
		3E3A1AB71803DDAC1010F2A7 /* Pods-YoutubeVideo.release.xcconfig */ = {isa = PBXFileReference; includeInIndex = 1; lastKnownFileType = text.xcconfig; name = "Pods-YoutubeVideo.release.xcconfig"; path = "Target Support Files/Pods-YoutubeVideo/Pods-YoutubeVideo.release.xcconfig"; sourceTree = "<group>"; };
		8029E1E0A52D0B82C4C9EFA6 /* Pods_YoutubeVideo.framework */ = {isa = PBXFileReference; explicitFileType = wrapper.framework; includeInIndex = 0; path = Pods_YoutubeVideo.framework; sourceTree = BUILT_PRODUCTS_DIR; };
		CCB51F0F3988ED98FF11D641 /* Pods-YoutubeVideo.debug.xcconfig */ = {isa = PBXFileReference; includeInIndex = 1; lastKnownFileType = text.xcconfig; name = "Pods-YoutubeVideo.debug.xcconfig"; path = "Target Support Files/Pods-YoutubeVideo/Pods-YoutubeVideo.debug.xcconfig"; sourceTree = "<group>"; };
		EDBC2C1D297FDD0F00A25095 /* YoutubeVideo.app */ = {isa = PBXFileReference; explicitFileType = wrapper.application; includeInIndex = 0; path = YoutubeVideo.app; sourceTree = BUILT_PRODUCTS_DIR; };
		EDBC2C20297FDD0F00A25095 /* AppDelegate.swift */ = {isa = PBXFileReference; lastKnownFileType = sourcecode.swift; path = AppDelegate.swift; sourceTree = "<group>"; };
		EDBC2C22297FDD0F00A25095 /* SceneDelegate.swift */ = {isa = PBXFileReference; lastKnownFileType = sourcecode.swift; path = SceneDelegate.swift; sourceTree = "<group>"; };
		EDBC2C24297FDD0F00A25095 /* ViewController.swift */ = {isa = PBXFileReference; lastKnownFileType = sourcecode.swift; path = ViewController.swift; sourceTree = "<group>"; };
		EDBC2C27297FDD0F00A25095 /* Base */ = {isa = PBXFileReference; lastKnownFileType = file.storyboard; name = Base; path = Base.lproj/Main.storyboard; sourceTree = "<group>"; };
		EDBC2C29297FDD1000A25095 /* Assets.xcassets */ = {isa = PBXFileReference; lastKnownFileType = folder.assetcatalog; path = Assets.xcassets; sourceTree = "<group>"; };
		EDBC2C2C297FDD1000A25095 /* Base */ = {isa = PBXFileReference; lastKnownFileType = file.storyboard; name = Base; path = Base.lproj/LaunchScreen.storyboard; sourceTree = "<group>"; };
		EDBC2C2E297FDD1000A25095 /* Info.plist */ = {isa = PBXFileReference; lastKnownFileType = text.plist.xml; path = Info.plist; sourceTree = "<group>"; };
/* End PBXFileReference section */

/* Begin PBXFrameworksBuildPhase section */
		EDBC2C1A297FDD0F00A25095 /* Frameworks */ = {
			isa = PBXFrameworksBuildPhase;
			buildActionMask = 2147483647;
			files = (
				3F259ECA273DCE50C1D741C6 /* Pods_YoutubeVideo.framework in Frameworks */,
			);
			runOnlyForDeploymentPostprocessing = 0;
		};
/* End PBXFrameworksBuildPhase section */

/* Begin PBXGroup section */
		03E9F28AB066B0FF4EFC7BCB /* Pods */ = {
			isa = PBXGroup;
			children = (
				CCB51F0F3988ED98FF11D641 /* Pods-YoutubeVideo.debug.xcconfig */,
				3E3A1AB71803DDAC1010F2A7 /* Pods-YoutubeVideo.release.xcconfig */,
			);
			name = Pods;
			path = Pods;
			sourceTree = "<group>";
		};
		11B83CCB81EBFED5A8D5EFB0 /* Frameworks */ = {
			isa = PBXGroup;
			children = (
				8029E1E0A52D0B82C4C9EFA6 /* Pods_YoutubeVideo.framework */,
			);
			name = Frameworks;
			sourceTree = "<group>";
		};
		EDBC2C14297FDD0F00A25095 = {
			isa = PBXGroup;
			children = (
				EDBC2C1F297FDD0F00A25095 /* YoutubeVideo */,
				EDBC2C1E297FDD0F00A25095 /* Products */,
				03E9F28AB066B0FF4EFC7BCB /* Pods */,
				11B83CCB81EBFED5A8D5EFB0 /* Frameworks */,
			);
			sourceTree = "<group>";
		};
		EDBC2C1E297FDD0F00A25095 /* Products */ = {
			isa = PBXGroup;
			children = (
				EDBC2C1D297FDD0F00A25095 /* YoutubeVideo.app */,
			);
			name = Products;
			sourceTree = "<group>";
		};
		EDBC2C1F297FDD0F00A25095 /* YoutubeVideo */ = {
			isa = PBXGroup;
			children = (
				EDBC2C20297FDD0F00A25095 /* AppDelegate.swift */,
				EDBC2C22297FDD0F00A25095 /* SceneDelegate.swift */,
				EDBC2C24297FDD0F00A25095 /* ViewController.swift */,
				EDBC2C26297FDD0F00A25095 /* Main.storyboard */,
				EDBC2C29297FDD1000A25095 /* Assets.xcassets */,
				EDBC2C2B297FDD1000A25095 /* LaunchScreen.storyboard */,
				EDBC2C2E297FDD1000A25095 /* Info.plist */,
			);
			path = YoutubeVideo;
			sourceTree = "<group>";
		};
/* End PBXGroup section */

/* Begin PBXNativeTarget section */
		EDBC2C1C297FDD0F00A25095 /* YoutubeVideo */ = {
			isa = PBXNativeTarget;
			buildConfigurationList = EDBC2C31297FDD1000A25095 /* Build configuration list for PBXNativeTarget "YoutubeVideo" */;
			buildPhases = (
				215348A95CF4A5DC0B0372E2 /* [CP] Check Pods Manifest.lock */,
				EDBC2C19297FDD0F00A25095 /* Sources */,
				EDBC2C1A297FDD0F00A25095 /* Frameworks */,
				EDBC2C1B297FDD0F00A25095 /* Resources */,
				905A79C1BE25DD5971F49B68 /* [CP] Embed Pods Frameworks */,
			);
			buildRules = (
			);
			dependencies = (
			);
			name = YoutubeVideo;
			productName = YoutubeVideo;
			productReference = EDBC2C1D297FDD0F00A25095 /* YoutubeVideo.app */;
			productType = "com.apple.product-type.application";
		};
/* End PBXNativeTarget section */

/* Begin PBXProject section */
		EDBC2C15297FDD0F00A25095 /* Project object */ = {
			isa = PBXProject;
			attributes = {
				BuildIndependentTargetsInParallel = 1;
				LastSwiftUpdateCheck = 1410;
				LastUpgradeCheck = 1410;
				TargetAttributes = {
					EDBC2C1C297FDD0F00A25095 = {
						CreatedOnToolsVersion = 14.1;
					};
				};
			};
			buildConfigurationList = EDBC2C18297FDD0F00A25095 /* Build configuration list for PBXProject "YoutubeVideo" */;
			compatibilityVersion = "Xcode 14.0";
			developmentRegion = en;
			hasScannedForEncodings = 0;
			knownRegions = (
				en,
				Base,
			);
			mainGroup = EDBC2C14297FDD0F00A25095;
			productRefGroup = EDBC2C1E297FDD0F00A25095 /* Products */;
			projectDirPath = "";
			projectRoot = "";
			targets = (
				EDBC2C1C297FDD0F00A25095 /* YoutubeVideo */,
			);
		};
/* End PBXProject section */

/* Begin PBXResourcesBuildPhase section */
		EDBC2C1B297FDD0F00A25095 /* Resources */ = {
			isa = PBXResourcesBuildPhase;
			buildActionMask = 2147483647;
			files = (
				EDBC2C2D297FDD1000A25095 /* LaunchScreen.storyboard in Resources */,
				EDBC2C2A297FDD1000A25095 /* Assets.xcassets in Resources */,
				EDBC2C28297FDD0F00A25095 /* Main.storyboard in Resources */,
			);
			runOnlyForDeploymentPostprocessing = 0;
		};
/* End PBXResourcesBuildPhase section */

/* Begin PBXShellScriptBuildPhase section */
		215348A95CF4A5DC0B0372E2 /* [CP] Check Pods Manifest.lock */ = {
			isa = PBXShellScriptBuildPhase;
			buildActionMask = 2147483647;
			files = (
			);
			inputFileListPaths = (
			);
			inputPaths = (
				"${PODS_PODFILE_DIR_PATH}/Podfile.lock",
				"${PODS_ROOT}/Manifest.lock",
			);
			name = "[CP] Check Pods Manifest.lock";
			outputFileListPaths = (
			);
			outputPaths = (
				"$(DERIVED_FILE_DIR)/Pods-YoutubeVideo-checkManifestLockResult.txt",
			);
			runOnlyForDeploymentPostprocessing = 0;
			shellPath = /bin/sh;
			shellScript = "diff \"${PODS_PODFILE_DIR_PATH}/Podfile.lock\" \"${PODS_ROOT}/Manifest.lock\" > /dev/null\nif [ $? != 0 ] ; then\n    # print error to STDERR\n    echo \"error: The sandbox is not in sync with the Podfile.lock. Run 'pod install' or update your CocoaPods installation.\" >&2\n    exit 1\nfi\n# This output is used by Xcode 'outputs' to avoid re-running this script phase.\necho \"SUCCESS\" > \"${SCRIPT_OUTPUT_FILE_0}\"\n";
			showEnvVarsInLog = 0;
		};
		905A79C1BE25DD5971F49B68 /* [CP] Embed Pods Frameworks */ = {
			isa = PBXShellScriptBuildPhase;
			buildActionMask = 2147483647;
			files = (
			);
			inputFileListPaths = (
				"${PODS_ROOT}/Target Support Files/Pods-YoutubeVideo/Pods-YoutubeVideo-frameworks-${CONFIGURATION}-input-files.xcfilelist",
			);
			name = "[CP] Embed Pods Frameworks";
			outputFileListPaths = (
				"${PODS_ROOT}/Target Support Files/Pods-YoutubeVideo/Pods-YoutubeVideo-frameworks-${CONFIGURATION}-output-files.xcfilelist",
			);
			runOnlyForDeploymentPostprocessing = 0;
			shellPath = /bin/sh;
			shellScript = "\"${PODS_ROOT}/Target Support Files/Pods-YoutubeVideo/Pods-YoutubeVideo-frameworks.sh\"\n";
			showEnvVarsInLog = 0;
		};
/* End PBXShellScriptBuildPhase section */

/* Begin PBXSourcesBuildPhase section */
		EDBC2C19297FDD0F00A25095 /* Sources */ = {
			isa = PBXSourcesBuildPhase;
			buildActionMask = 2147483647;
			files = (
				EDBC2C25297FDD0F00A25095 /* ViewController.swift in Sources */,
				EDBC2C21297FDD0F00A25095 /* AppDelegate.swift in Sources */,
				EDBC2C23297FDD0F00A25095 /* SceneDelegate.swift in Sources */,
			);
			runOnlyForDeploymentPostprocessing = 0;
		};
/* End PBXSourcesBuildPhase section */

/* Begin PBXVariantGroup section */
		EDBC2C26297FDD0F00A25095 /* Main.storyboard */ = {
			isa = PBXVariantGroup;
			children = (
				EDBC2C27297FDD0F00A25095 /* Base */,
			);
			name = Main.storyboard;
			sourceTree = "<group>";
		};
		EDBC2C2B297FDD1000A25095 /* LaunchScreen.storyboard */ = {
			isa = PBXVariantGroup;
			children = (
				EDBC2C2C297FDD1000A25095 /* Base */,
			);
			name = LaunchScreen.storyboard;
			sourceTree = "<group>";
		};
/* End PBXVariantGroup section */

/* Begin XCBuildConfiguration section */
		EDBC2C2F297FDD1000A25095 /* Debug */ = {
			isa = XCBuildConfiguration;
			buildSettings = {
				ALWAYS_SEARCH_USER_PATHS = NO;
				CLANG_ANALYZER_NONNULL = YES;
				CLANG_ANALYZER_NUMBER_OBJECT_CONVERSION = YES_AGGRESSIVE;
				CLANG_CXX_LANGUAGE_STANDARD = "gnu++20";
				CLANG_ENABLE_MODULES = YES;
				CLANG_ENABLE_OBJC_ARC = YES;
				CLANG_ENABLE_OBJC_WEAK = YES;
				CLANG_WARN_BLOCK_CAPTURE_AUTORELEASING = YES;
				CLANG_WARN_BOOL_CONVERSION = YES;
				CLANG_WARN_COMMA = YES;
				CLANG_WARN_CONSTANT_CONVERSION = YES;
				CLANG_WARN_DEPRECATED_OBJC_IMPLEMENTATIONS = YES;
				CLANG_WARN_DIRECT_OBJC_ISA_USAGE = YES_ERROR;
				CLANG_WARN_DOCUMENTATION_COMMENTS = YES;
				CLANG_WARN_EMPTY_BODY = YES;
				CLANG_WARN_ENUM_CONVERSION = YES;
				CLANG_WARN_INFINITE_RECURSION = YES;
				CLANG_WARN_INT_CONVERSION = YES;
				CLANG_WARN_NON_LITERAL_NULL_CONVERSION = YES;
				CLANG_WARN_OBJC_IMPLICIT_RETAIN_SELF = YES;
				CLANG_WARN_OBJC_LITERAL_CONVERSION = YES;
				CLANG_WARN_OBJC_ROOT_CLASS = YES_ERROR;
				CLANG_WARN_QUOTED_INCLUDE_IN_FRAMEWORK_HEADER = YES;
				CLANG_WARN_RANGE_LOOP_ANALYSIS = YES;
				CLANG_WARN_STRICT_PROTOTYPES = YES;
				CLANG_WARN_SUSPICIOUS_MOVE = YES;
				CLANG_WARN_UNGUARDED_AVAILABILITY = YES_AGGRESSIVE;
				CLANG_WARN_UNREACHABLE_CODE = YES;
				CLANG_WARN__DUPLICATE_METHOD_MATCH = YES;
				COPY_PHASE_STRIP = NO;
				DEBUG_INFORMATION_FORMAT = dwarf;
				ENABLE_STRICT_OBJC_MSGSEND = YES;
				ENABLE_TESTABILITY = YES;
				GCC_C_LANGUAGE_STANDARD = gnu11;
				GCC_DYNAMIC_NO_PIC = NO;
				GCC_NO_COMMON_BLOCKS = YES;
				GCC_OPTIMIZATION_LEVEL = 0;
				GCC_PREPROCESSOR_DEFINITIONS = (
					"DEBUG=1",
					"$(inherited)",
				);
				GCC_WARN_64_TO_32_BIT_CONVERSION = YES;
				GCC_WARN_ABOUT_RETURN_TYPE = YES_ERROR;
				GCC_WARN_UNDECLARED_SELECTOR = YES;
				GCC_WARN_UNINITIALIZED_AUTOS = YES_AGGRESSIVE;
				GCC_WARN_UNUSED_FUNCTION = YES;
				GCC_WARN_UNUSED_VARIABLE = YES;
				IPHONEOS_DEPLOYMENT_TARGET = 16.1;
				MTL_ENABLE_DEBUG_INFO = INCLUDE_SOURCE;
				MTL_FAST_MATH = YES;
				ONLY_ACTIVE_ARCH = YES;
				SDKROOT = iphoneos;
				SWIFT_ACTIVE_COMPILATION_CONDITIONS = DEBUG;
				SWIFT_OPTIMIZATION_LEVEL = "-Onone";
			};
			name = Debug;
		};
		EDBC2C30297FDD1000A25095 /* Release */ = {
			isa = XCBuildConfiguration;
			buildSettings = {
				ALWAYS_SEARCH_USER_PATHS = NO;
				CLANG_ANALYZER_NONNULL = YES;
				CLANG_ANALYZER_NUMBER_OBJECT_CONVERSION = YES_AGGRESSIVE;
				CLANG_CXX_LANGUAGE_STANDARD = "gnu++20";
				CLANG_ENABLE_MODULES = YES;
				CLANG_ENABLE_OBJC_ARC = YES;
				CLANG_ENABLE_OBJC_WEAK = YES;
				CLANG_WARN_BLOCK_CAPTURE_AUTORELEASING = YES;
				CLANG_WARN_BOOL_CONVERSION = YES;
				CLANG_WARN_COMMA = YES;
				CLANG_WARN_CONSTANT_CONVERSION = YES;
				CLANG_WARN_DEPRECATED_OBJC_IMPLEMENTATIONS = YES;
				CLANG_WARN_DIRECT_OBJC_ISA_USAGE = YES_ERROR;
				CLANG_WARN_DOCUMENTATION_COMMENTS = YES;
				CLANG_WARN_EMPTY_BODY = YES;
				CLANG_WARN_ENUM_CONVERSION = YES;
				CLANG_WARN_INFINITE_RECURSION = YES;
				CLANG_WARN_INT_CONVERSION = YES;
				CLANG_WARN_NON_LITERAL_NULL_CONVERSION = YES;
				CLANG_WARN_OBJC_IMPLICIT_RETAIN_SELF = YES;
				CLANG_WARN_OBJC_LITERAL_CONVERSION = YES;
				CLANG_WARN_OBJC_ROOT_CLASS = YES_ERROR;
				CLANG_WARN_QUOTED_INCLUDE_IN_FRAMEWORK_HEADER = YES;
				CLANG_WARN_RANGE_LOOP_ANALYSIS = YES;
				CLANG_WARN_STRICT_PROTOTYPES = YES;
				CLANG_WARN_SUSPICIOUS_MOVE = YES;
				CLANG_WARN_UNGUARDED_AVAILABILITY = YES_AGGRESSIVE;
				CLANG_WARN_UNREACHABLE_CODE = YES;
				CLANG_WARN__DUPLICATE_METHOD_MATCH = YES;
				COPY_PHASE_STRIP = NO;
				DEBUG_INFORMATION_FORMAT = "dwarf-with-dsym";
				ENABLE_NS_ASSERTIONS = NO;
				ENABLE_STRICT_OBJC_MSGSEND = YES;
				GCC_C_LANGUAGE_STANDARD = gnu11;
				GCC_NO_COMMON_BLOCKS = YES;
				GCC_WARN_64_TO_32_BIT_CONVERSION = YES;
				GCC_WARN_ABOUT_RETURN_TYPE = YES_ERROR;
				GCC_WARN_UNDECLARED_SELECTOR = YES;
				GCC_WARN_UNINITIALIZED_AUTOS = YES_AGGRESSIVE;
				GCC_WARN_UNUSED_FUNCTION = YES;
				GCC_WARN_UNUSED_VARIABLE = YES;
				IPHONEOS_DEPLOYMENT_TARGET = 16.1;
				MTL_ENABLE_DEBUG_INFO = NO;
				MTL_FAST_MATH = YES;
				SDKROOT = iphoneos;
				SWIFT_COMPILATION_MODE = wholemodule;
				SWIFT_OPTIMIZATION_LEVEL = "-O";
				VALIDATE_PRODUCT = YES;
			};
			name = Release;
		};
		EDBC2C32297FDD1000A25095 /* Debug */ = {
			isa = XCBuildConfiguration;
			baseConfigurationReference = CCB51F0F3988ED98FF11D641 /* Pods-YoutubeVideo.debug.xcconfig */;
			buildSettings = {
				ASSETCATALOG_COMPILER_APPICON_NAME = AppIcon;
				ASSETCATALOG_COMPILER_GLOBAL_ACCENT_COLOR_NAME = AccentColor;
				CODE_SIGN_STYLE = Automatic;
				CURRENT_PROJECT_VERSION = 1;
				DEVELOPMENT_TEAM = 34R52V7T3Z;
				GENERATE_INFOPLIST_FILE = YES;
				INFOPLIST_FILE = YoutubeVideo/Info.plist;
				INFOPLIST_KEY_UIApplicationSupportsIndirectInputEvents = YES;
				INFOPLIST_KEY_UILaunchStoryboardName = LaunchScreen;
				INFOPLIST_KEY_UIMainStoryboardFile = Main;
				INFOPLIST_KEY_UISupportedInterfaceOrientations_iPad = "UIInterfaceOrientationPortrait UIInterfaceOrientationPortraitUpsideDown UIInterfaceOrientationLandscapeLeft UIInterfaceOrientationLandscapeRight";
				INFOPLIST_KEY_UISupportedInterfaceOrientations_iPhone = "UIInterfaceOrientationPortrait UIInterfaceOrientationLandscapeLeft UIInterfaceOrientationLandscapeRight";
				LD_RUNPATH_SEARCH_PATHS = (
					"$(inherited)",
					"@executable_path/Frameworks",
				);
				MARKETING_VERSION = 1.0;
				PRODUCT_BUNDLE_IDENTIFIER = com.mahmutsenbek.YoutubeVideo;
				PRODUCT_NAME = "$(TARGET_NAME)";
				SWIFT_EMIT_LOC_STRINGS = YES;
				SWIFT_VERSION = 5.0;
				TARGETED_DEVICE_FAMILY = "1,2";
			};
			name = Debug;
		};
		EDBC2C33297FDD1000A25095 /* Release */ = {
			isa = XCBuildConfiguration;
			baseConfigurationReference = 3E3A1AB71803DDAC1010F2A7 /* Pods-YoutubeVideo.release.xcconfig */;
			buildSettings = {
				ASSETCATALOG_COMPILER_APPICON_NAME = AppIcon;
				ASSETCATALOG_COMPILER_GLOBAL_ACCENT_COLOR_NAME = AccentColor;
				CODE_SIGN_STYLE = Automatic;
				CURRENT_PROJECT_VERSION = 1;
				DEVELOPMENT_TEAM = 34R52V7T3Z;
				GENERATE_INFOPLIST_FILE = YES;
				INFOPLIST_FILE = YoutubeVideo/Info.plist;
				INFOPLIST_KEY_UIApplicationSupportsIndirectInputEvents = YES;
				INFOPLIST_KEY_UILaunchStoryboardName = LaunchScreen;
				INFOPLIST_KEY_UIMainStoryboardFile = Main;
				INFOPLIST_KEY_UISupportedInterfaceOrientations_iPad = "UIInterfaceOrientationPortrait UIInterfaceOrientationPortraitUpsideDown UIInterfaceOrientationLandscapeLeft UIInterfaceOrientationLandscapeRight";
				INFOPLIST_KEY_UISupportedInterfaceOrientations_iPhone = "UIInterfaceOrientationPortrait UIInterfaceOrientationLandscapeLeft UIInterfaceOrientationLandscapeRight";
				LD_RUNPATH_SEARCH_PATHS = (
					"$(inherited)",
					"@executable_path/Frameworks",
				);
				MARKETING_VERSION = 1.0;
				PRODUCT_BUNDLE_IDENTIFIER = com.mahmutsenbek.YoutubeVideo;
				PRODUCT_NAME = "$(TARGET_NAME)";
				SWIFT_EMIT_LOC_STRINGS = YES;
				SWIFT_VERSION = 5.0;
				TARGETED_DEVICE_FAMILY = "1,2";
			};
			name = Release;
		};
/* End XCBuildConfiguration section */

/* Begin XCConfigurationList section */
		EDBC2C18297FDD0F00A25095 /* Build configuration list for PBXProject "YoutubeVideo" */ = {
			isa = XCConfigurationList;
			buildConfigurations = (
				EDBC2C2F297FDD1000A25095 /* Debug */,
				EDBC2C30297FDD1000A25095 /* Release */,
			);
			defaultConfigurationIsVisible = 0;
			defaultConfigurationName = Release;
		};
		EDBC2C31297FDD1000A25095 /* Build configuration list for PBXNativeTarget "YoutubeVideo" */ = {
			isa = XCConfigurationList;
			buildConfigurations = (
				EDBC2C32297FDD1000A25095 /* Debug */,
				EDBC2C33297FDD1000A25095 /* Release */,
			);
			defaultConfigurationIsVisible = 0;
			defaultConfigurationName = Release;
		};
/* End XCConfigurationList section */
	};
	rootObject = EDBC2C15297FDD0F00A25095 /* Project object */;
}
